
Microsoft Visual Studio Solution File, Format Version 12.00
# Visual Studio Version 16
VisualStudioVersion = 16.0.29905.134
MinimumVisualStudioVersion = 10.0.40219.1
Project("{FAE04EC0-301F-11D3-BF4B-00C04F79EFBC}") = "responsipemrograman2887", "responsipemrograman2887.csproj", "{DFCB5FF0-1D18-439C-8424-489B6AAF930B}"
EndProject
Global
	GlobalSection(SolutionConfigurationPlatforms) = preSolution
		Debug|Any CPU = Debug|Any CPU
		Release|Any CPU = Release|Any CPU
	EndGlobalSection
	GlobalSection(ProjectConfigurationPlatforms) = postSolution
		{DFCB5FF0-1D18-439C-8424-489B6AAF930B}.Debug|Any CPU.ActiveCfg = Debug|Any CPU
		{DFCB5FF0-1D18-439C-8424-489B6AAF930B}.Debug|Any CPU.Build.0 = Debug|Any CPU
		{DFCB5FF0-1D18-439C-8424-489B6AAF930B}.Release|Any CPU.ActiveCfg = Release|Any CPU
		{DFCB5FF0-1D18-439C-8424-489B6AAF930B}.Release|Any CPU.Build.0 = Release|Any CPU
	EndGlobalSection
	GlobalSection(SolutionProperties) = preSolution
		HideSolutionNode = FALSE
	EndGlobalSection
	GlobalSection(ExtensibilityGlobals) = postSolution
		SolutionGuid = {199E4F97-723F-48B8-9B42-DA2584F3FE1A}
	EndGlobalSection
EndGlobal
